
Microsoft Visual Studio Solution File, Format Version 12.00
# Visual Studio Version 17
VisualStudioVersion = 17.0.32112.339
MinimumVisualStudioVersion = 10.0.40219.1
Project("{FAE04EC0-301F-11D3-BF4B-00C04F79EFBC}") = "FirstMVCwebApp", "FirstMVCwebApp\FirstMVCwebApp.csproj", "{BB2EED34-C471-478A-9D09-F279CAD806AE}"
EndProject
Global
	GlobalSection(SolutionConfigurationPlatforms) = preSolution
		Debug|Any CPU = Debug|Any CPU
		Release|Any CPU = Release|Any CPU
	EndGlobalSection
	GlobalSection(ProjectConfigurationPlatforms) = postSolution
		{BB2EED34-C471-478A-9D09-F279CAD806AE}.Debug|Any CPU.ActiveCfg = Debug|Any CPU
		{BB2EED34-C471-478A-9D09-F279CAD806AE}.Debug|Any CPU.Build.0 = Debug|Any CPU
		{BB2EED34-C471-478A-9D09-F279CAD806AE}.Release|Any CPU.ActiveCfg = Release|Any CPU
		{BB2EED34-C471-478A-9D09-F279CAD806AE}.Release|Any CPU.Build.0 = Release|Any CPU
	EndGlobalSection
	GlobalSection(SolutionProperties) = preSolution
		HideSolutionNode = FALSE
	EndGlobalSection
	GlobalSection(ExtensibilityGlobals) = postSolution
		SolutionGuid = {37FB0C6C-C3F4-4B11-ADF9-12D5605ECA44}
	EndGlobalSection
EndGlobal
